
Microsoft Visual Studio Solution File, Format Version 12.00
# Visual Studio 2013
VisualStudioVersion = 12.0.31101.0
MinimumVisualStudioVersion = 10.0.40219.1
Project("{FAE04EC0-301F-11D3-BF4B-00C04F79EFBC}") = "Game-Central-Station", "Game-Central-Station\Game-Central-Station.csproj", "{4AED93A5-B80F-4E09-B748-00425E7F26E4}"
EndProject
Project("{FAE04EC0-301F-11D3-BF4B-00C04F79EFBC}") = "MaterialSkin", "..\MaterialSkin\MaterialSkin\MaterialSkin.csproj", "{8EB7611B-68CD-4B8B-987A-11717E2B250C}"
EndProject
Project("{FAE04EC0-301F-11D3-BF4B-00C04F79EFBC}") = "GCSInstaller", "GCSInstaller\GCSInstaller.csproj", "{57C5CA94-A9E5-4E43-ADD5-FC8179FA5F87}"
	ProjectSection(ProjectDependencies) = postProject
		{8EB7611B-68CD-4B8B-987A-11717E2B250C} = {8EB7611B-68CD-4B8B-987A-11717E2B250C}
		{4AED93A5-B80F-4E09-B748-00425E7F26E4} = {4AED93A5-B80F-4E09-B748-00425E7F26E4}
	EndProjectSection
EndProject
Project("{FAE04EC0-301F-11D3-BF4B-00C04F79EFBC}") = "GCSIPublisher", "GCSIPublisher\GCSIPublisher.csproj", "{586978E8-7C26-40AA-A16A-A81FE60509B6}"
	ProjectSection(ProjectDependencies) = postProject
		{8EB7611B-68CD-4B8B-987A-11717E2B250C} = {8EB7611B-68CD-4B8B-987A-11717E2B250C}
		{57C5CA94-A9E5-4E43-ADD5-FC8179FA5F87} = {57C5CA94-A9E5-4E43-ADD5-FC8179FA5F87}
		{4AED93A5-B80F-4E09-B748-00425E7F26E4} = {4AED93A5-B80F-4E09-B748-00425E7F26E4}
	EndProjectSection
EndProject
Global
	GlobalSection(SolutionConfigurationPlatforms) = preSolution
		Debug|Any CPU = Debug|Any CPU
		Release|Any CPU = Release|Any CPU
	EndGlobalSection
	GlobalSection(ProjectConfigurationPlatforms) = postSolution
		{4AED93A5-B80F-4E09-B748-00425E7F26E4}.Debug|Any CPU.ActiveCfg = Debug|Any CPU
		{4AED93A5-B80F-4E09-B748-00425E7F26E4}.Debug|Any CPU.Build.0 = Debug|Any CPU
		{4AED93A5-B80F-4E09-B748-00425E7F26E4}.Release|Any CPU.ActiveCfg = Release|Any CPU
		{4AED93A5-B80F-4E09-B748-00425E7F26E4}.Release|Any CPU.Build.0 = Release|Any CPU
		{8EB7611B-68CD-4B8B-987A-11717E2B250C}.Debug|Any CPU.ActiveCfg = Debug|Any CPU
		{8EB7611B-68CD-4B8B-987A-11717E2B250C}.Debug|Any CPU.Build.0 = Debug|Any CPU
		{8EB7611B-68CD-4B8B-987A-11717E2B250C}.Release|Any CPU.ActiveCfg = Release|Any CPU
		{8EB7611B-68CD-4B8B-987A-11717E2B250C}.Release|Any CPU.Build.0 = Release|Any CPU
		{57C5CA94-A9E5-4E43-ADD5-FC8179FA5F87}.Debug|Any CPU.ActiveCfg = Debug|Any CPU
		{57C5CA94-A9E5-4E43-ADD5-FC8179FA5F87}.Debug|Any CPU.Build.0 = Debug|Any CPU
		{57C5CA94-A9E5-4E43-ADD5-FC8179FA5F87}.Release|Any CPU.ActiveCfg = Release|Any CPU
		{57C5CA94-A9E5-4E43-ADD5-FC8179FA5F87}.Release|Any CPU.Build.0 = Release|Any CPU
		{586978E8-7C26-40AA-A16A-A81FE60509B6}.Debug|Any CPU.ActiveCfg = Debug|Any CPU
		{586978E8-7C26-40AA-A16A-A81FE60509B6}.Debug|Any CPU.Build.0 = Debug|Any CPU
		{586978E8-7C26-40AA-A16A-A81FE60509B6}.Release|Any CPU.ActiveCfg = Release|Any CPU
		{586978E8-7C26-40AA-A16A-A81FE60509B6}.Release|Any CPU.Build.0 = Release|Any CPU
	EndGlobalSection
	GlobalSection(SolutionProperties) = preSolution
		HideSolutionNode = FALSE
	EndGlobalSection
EndGlobal
